# THIS IS AN AUTOGENERATED FILE. DO NOT EDIT THIS FILE DIRECTLY.
# yarn lockfile v1


bindings@~1.2.0:
  version "1.2.1"
  resolved "https://registry.yarnpkg.com/bindings/-/bindings-1.2.1.tgz#14ad6113812d2d37d72e67b4cacb4bb726505f11"
  integrity sha1-FK1hE4EtLTfXLme0ystLtyZQXxE=

btoa@^1.2.1:
  version "1.2.1"
  resolved "https://registry.yarnpkg.com/btoa/-/btoa-1.2.1.tgz#01a9909f8b2c93f6bf680ba26131eb30f7fa3d73"
  integrity sha512-SB4/MIGlsiVkMcHmT+pSmIPoNDoHg+7cMzmt3Uxt628MTz2487DKSqK/fuhFBrkuqrYv5UCEnACpF4dTFNKc/g==

librsvg@^0.7.0:
  version "0.7.0"
  resolved "https://registry.yarnpkg.com/librsvg/-/librsvg-0.7.0.tgz#6d4885a7ad67335e8f112f71171bf77838f5de34"
  integrity sha1-bUiFp61nM16PES9xFxv3eDj13jQ=
  dependencies:
    bindings "~1.2.0"
    nan "^2.4.0"

mercator-projection@0.0.2:
  version "0.0.2"
  resolved "https://registry.yarnpkg.com/mercator-projection/-/mercator-projection-0.0.2.tgz#6195ec2d6e154d066020eef9626d7d79d5db0d3d"
  integrity sha1-YZXsLW4VTQZgIO75Ym19edXbDT0=

nan@^2.4.0:
  version "2.14.0"
  resolved "https://registry.yarnpkg.com/nan/-/nan-2.14.0.tgz#7818f722027b2459a86f0295d434d1fc2336c52c"
  integrity sha512-INOFj37C7k3AfaNTtX8RhsTw7qRy7eLET14cROi9+5HAVbbHuIWUHEauBv5qT4Av2tWasiTY1Jw6puUNqRJXQg==
